
Microsoft Visual Studio Solution File, Format Version 12.00
# Visual Studio Version 17
VisualStudioVersion = 17.0.31903.59
MinimumVisualStudioVersion = 10.0.40219.1
Project("{FAE04EC0-301F-11D3-BF4B-00C04F79EFBC}") = "NasljedivanjeSamostalan", "NasljedivanjeSamostalan.csproj", "{76A31D9B-7056-4B08-8DE2-5A186557F54D}"
EndProject
Global
	GlobalSection(SolutionConfigurationPlatforms) = preSolution
		Debug|Any CPU = Debug|Any CPU
		Release|Any CPU = Release|Any CPU
	EndGlobalSection
	GlobalSection(ProjectConfigurationPlatforms) = postSolution
		{76A31D9B-7056-4B08-8DE2-5A186557F54D}.Debug|Any CPU.ActiveCfg = Debug|Any CPU
		{76A31D9B-7056-4B08-8DE2-5A186557F54D}.Debug|Any CPU.Build.0 = Debug|Any CPU
		{76A31D9B-7056-4B08-8DE2-5A186557F54D}.Release|Any CPU.ActiveCfg = Release|Any CPU
		{76A31D9B-7056-4B08-8DE2-5A186557F54D}.Release|Any CPU.Build.0 = Release|Any CPU
	EndGlobalSection
	GlobalSection(SolutionProperties) = preSolution
		HideSolutionNode = FALSE
	EndGlobalSection
	GlobalSection(ExtensibilityGlobals) = postSolution
		SolutionGuid = {DBE076AC-BBBA-4755-8D6C-33FD2C7E19DC}
	EndGlobalSection
EndGlobal
